
Microsoft Visual Studio Solution File, Format Version 12.00
# Visual Studio Version 17
VisualStudioVersion = 17.0.31912.275
MinimumVisualStudioVersion = 10.0.40219.1
Project("{FAE04EC0-301F-11D3-BF4B-00C04F79EFBC}") = "TaskTracker", "TaskTracker.csproj", "{1707AA3F-789A-4E81-A5DF-04DDC1CF2F40}"
EndProject
Global
	GlobalSection(SolutionConfigurationPlatforms) = preSolution
		Debug|Any CPU = Debug|Any CPU
		Release|Any CPU = Release|Any CPU
	EndGlobalSection
	GlobalSection(ProjectConfigurationPlatforms) = postSolution
		{1707AA3F-789A-4E81-A5DF-04DDC1CF2F40}.Debug|Any CPU.ActiveCfg = Debug|Any CPU
		{1707AA3F-789A-4E81-A5DF-04DDC1CF2F40}.Debug|Any CPU.Build.0 = Debug|Any CPU
		{1707AA3F-789A-4E81-A5DF-04DDC1CF2F40}.Release|Any CPU.ActiveCfg = Release|Any CPU
		{1707AA3F-789A-4E81-A5DF-04DDC1CF2F40}.Release|Any CPU.Build.0 = Release|Any CPU
	EndGlobalSection
	GlobalSection(SolutionProperties) = preSolution
		HideSolutionNode = FALSE
	EndGlobalSection
	GlobalSection(ExtensibilityGlobals) = postSolution
		SolutionGuid = {9A05CEA0-EB7C-4B39-BC8C-C035C14C6CE9}
	EndGlobalSection
EndGlobal
